
Microsoft Visual Studio Solution File, Format Version 12.00
# Visual Studio 14
VisualStudioVersion = 14.0.25420.1
MinimumVisualStudioVersion = 10.0.40219.1
Project("{FAE04EC0-301F-11D3-BF4B-00C04F79EFBC}") = "AzureCloudService.ConsoleApp", "AzureCloudService.ConsoleApp\AzureCloudService.ConsoleApp.csproj", "{80AEB38F-AFC8-4B7E-901C-981CD1C66307}"
EndProject
Project("{CC5FD16D-436D-48AD-A40C-5A424C6E3E79}") = "AzureCloudService.GettingStarted", "AzureCloudService.GettingStarted\AzureCloudService.GettingStarted.ccproj", "{B3DC22B0-B338-4C82-8D53-FBE68F423CCC}"
EndProject
Project("{FAE04EC0-301F-11D3-BF4B-00C04F79EFBC}") = "AzureCloudService.GettingStarted.WebRole", "AzureCloudService.GettingStarted.WebRole\AzureCloudService.GettingStarted.WebRole.csproj", "{BCD649F7-DF14-4F0E-B129-2891878D4F1F}"
EndProject
Project("{FAE04EC0-301F-11D3-BF4B-00C04F79EFBC}") = "AzureCloudService.GettingStarted.WebRole.Tests", "AzureCloudService.GettingStarted.WebRole.Tests\AzureCloudService.GettingStarted.WebRole.Tests.csproj", "{FC8F042E-FA4A-4CD6-8384-774568167C3C}"
EndProject
Project("{FAE04EC0-301F-11D3-BF4B-00C04F79EFBC}") = "AzureCloudService.GettingStarted.WorkerRole", "AzureCloudService.GettingStarted.WorkerRole\AzureCloudService.GettingStarted.WorkerRole.csproj", "{CE0F4C49-3AD6-4E71-99D4-9CB978B80044}"
EndProject
Project("{2150E333-8FDC-42A3-9474-1A3956D46DE8}") = "GettingStarted", "GettingStarted", "{5B6788EA-5D80-4C15-8025-4D5879864545}"
EndProject
Project("{FAE04EC0-301F-11D3-BF4B-00C04F79EFBC}") = "AzureCloudService.GettingStarted.WorkerRole.Tests", "AzureCloudService.GettingStarted.WorkerRole.Tests\AzureCloudService.GettingStarted.WorkerRole.Tests.csproj", "{4BFAFC22-11EC-4F0A-BF2F-51B51B53DB61}"
EndProject
Project("{2150E333-8FDC-42A3-9474-1A3956D46DE8}") = "Tests", "Tests", "{6045F0D6-C92D-4201-BADF-60BEA41B8CDB}"
EndProject
Project("{FAE04EC0-301F-11D3-BF4B-00C04F79EFBC}") = "AzureCloudService.Utils", "AzureCloudService.Models\AzureCloudService.Utils.csproj", "{A2000CFB-3A8C-43AE-A99F-33236F54F9F5}"
EndProject
Project("{2150E333-8FDC-42A3-9474-1A3956D46DE8}") = "CastleWindsor", "CastleWindsor", "{6ACFD894-5EFA-447A-A7EC-BAF98AA1A101}"
EndProject
Project("{CC5FD16D-436D-48AD-A40C-5A424C6E3E79}") = "AzureCloudService.CastleWindsor", "AzureCloudService.CastleWindsor\AzureCloudService.CastleWindsor.ccproj", "{C5D541F4-3189-4E3B-AC1B-5ED21AB8E383}"
EndProject
Project("{FAE04EC0-301F-11D3-BF4B-00C04F79EFBC}") = "WebRole", "AzureCloudService.CastleWindsor.WebRole\WebRole.csproj", "{E60A20AF-8626-4E59-AFED-54671CC3317C}"
EndProject
Project("{FAE04EC0-301F-11D3-BF4B-00C04F79EFBC}") = "WorkerRole", "AzureCloudService.CastleWindsor.WorkerRole\WorkerRole.csproj", "{1CAB1D49-5E18-4FA1-BC9A-BBC4F91989F3}"
EndProject
Global
	GlobalSection(SolutionConfigurationPlatforms) = preSolution
		Debug|Any CPU = Debug|Any CPU
		Release|Any CPU = Release|Any CPU
	EndGlobalSection
	GlobalSection(ProjectConfigurationPlatforms) = postSolution
		{80AEB38F-AFC8-4B7E-901C-981CD1C66307}.Debug|Any CPU.ActiveCfg = Debug|Any CPU
		{80AEB38F-AFC8-4B7E-901C-981CD1C66307}.Debug|Any CPU.Build.0 = Debug|Any CPU
		{80AEB38F-AFC8-4B7E-901C-981CD1C66307}.Release|Any CPU.ActiveCfg = Release|Any CPU
		{80AEB38F-AFC8-4B7E-901C-981CD1C66307}.Release|Any CPU.Build.0 = Release|Any CPU
		{B3DC22B0-B338-4C82-8D53-FBE68F423CCC}.Debug|Any CPU.ActiveCfg = Debug|Any CPU
		{B3DC22B0-B338-4C82-8D53-FBE68F423CCC}.Debug|Any CPU.Build.0 = Debug|Any CPU
		{B3DC22B0-B338-4C82-8D53-FBE68F423CCC}.Release|Any CPU.ActiveCfg = Release|Any CPU
		{B3DC22B0-B338-4C82-8D53-FBE68F423CCC}.Release|Any CPU.Build.0 = Release|Any CPU
		{BCD649F7-DF14-4F0E-B129-2891878D4F1F}.Debug|Any CPU.ActiveCfg = Debug|Any CPU
		{BCD649F7-DF14-4F0E-B129-2891878D4F1F}.Debug|Any CPU.Build.0 = Debug|Any CPU
		{BCD649F7-DF14-4F0E-B129-2891878D4F1F}.Release|Any CPU.ActiveCfg = Release|Any CPU
		{BCD649F7-DF14-4F0E-B129-2891878D4F1F}.Release|Any CPU.Build.0 = Release|Any CPU
		{FC8F042E-FA4A-4CD6-8384-774568167C3C}.Debug|Any CPU.ActiveCfg = Debug|Any CPU
		{FC8F042E-FA4A-4CD6-8384-774568167C3C}.Debug|Any CPU.Build.0 = Debug|Any CPU
		{FC8F042E-FA4A-4CD6-8384-774568167C3C}.Release|Any CPU.ActiveCfg = Release|Any CPU
		{FC8F042E-FA4A-4CD6-8384-774568167C3C}.Release|Any CPU.Build.0 = Release|Any CPU
		{CE0F4C49-3AD6-4E71-99D4-9CB978B80044}.Debug|Any CPU.ActiveCfg = Debug|Any CPU
		{CE0F4C49-3AD6-4E71-99D4-9CB978B80044}.Debug|Any CPU.Build.0 = Debug|Any CPU
		{CE0F4C49-3AD6-4E71-99D4-9CB978B80044}.Release|Any CPU.ActiveCfg = Release|Any CPU
		{CE0F4C49-3AD6-4E71-99D4-9CB978B80044}.Release|Any CPU.Build.0 = Release|Any CPU
		{4BFAFC22-11EC-4F0A-BF2F-51B51B53DB61}.Debug|Any CPU.ActiveCfg = Debug|Any CPU
		{4BFAFC22-11EC-4F0A-BF2F-51B51B53DB61}.Debug|Any CPU.Build.0 = Debug|Any CPU
		{4BFAFC22-11EC-4F0A-BF2F-51B51B53DB61}.Release|Any CPU.ActiveCfg = Release|Any CPU
		{4BFAFC22-11EC-4F0A-BF2F-51B51B53DB61}.Release|Any CPU.Build.0 = Release|Any CPU
		{A2000CFB-3A8C-43AE-A99F-33236F54F9F5}.Debug|Any CPU.ActiveCfg = Debug|Any CPU
		{A2000CFB-3A8C-43AE-A99F-33236F54F9F5}.Debug|Any CPU.Build.0 = Debug|Any CPU
		{A2000CFB-3A8C-43AE-A99F-33236F54F9F5}.Release|Any CPU.ActiveCfg = Release|Any CPU
		{A2000CFB-3A8C-43AE-A99F-33236F54F9F5}.Release|Any CPU.Build.0 = Release|Any CPU
		{C5D541F4-3189-4E3B-AC1B-5ED21AB8E383}.Debug|Any CPU.ActiveCfg = Debug|Any CPU
		{C5D541F4-3189-4E3B-AC1B-5ED21AB8E383}.Debug|Any CPU.Build.0 = Debug|Any CPU
		{C5D541F4-3189-4E3B-AC1B-5ED21AB8E383}.Release|Any CPU.ActiveCfg = Release|Any CPU
		{C5D541F4-3189-4E3B-AC1B-5ED21AB8E383}.Release|Any CPU.Build.0 = Release|Any CPU
		{E60A20AF-8626-4E59-AFED-54671CC3317C}.Debug|Any CPU.ActiveCfg = Debug|Any CPU
		{E60A20AF-8626-4E59-AFED-54671CC3317C}.Debug|Any CPU.Build.0 = Debug|Any CPU
		{E60A20AF-8626-4E59-AFED-54671CC3317C}.Release|Any CPU.ActiveCfg = Release|Any CPU
		{E60A20AF-8626-4E59-AFED-54671CC3317C}.Release|Any CPU.Build.0 = Release|Any CPU
		{1CAB1D49-5E18-4FA1-BC9A-BBC4F91989F3}.Debug|Any CPU.ActiveCfg = Debug|Any CPU
		{1CAB1D49-5E18-4FA1-BC9A-BBC4F91989F3}.Debug|Any CPU.Build.0 = Debug|Any CPU
		{1CAB1D49-5E18-4FA1-BC9A-BBC4F91989F3}.Release|Any CPU.ActiveCfg = Release|Any CPU
		{1CAB1D49-5E18-4FA1-BC9A-BBC4F91989F3}.Release|Any CPU.Build.0 = Release|Any CPU
	EndGlobalSection
	GlobalSection(SolutionProperties) = preSolution
		HideSolutionNode = FALSE
	EndGlobalSection
	GlobalSection(NestedProjects) = preSolution
		{B3DC22B0-B338-4C82-8D53-FBE68F423CCC} = {5B6788EA-5D80-4C15-8025-4D5879864545}
		{BCD649F7-DF14-4F0E-B129-2891878D4F1F} = {5B6788EA-5D80-4C15-8025-4D5879864545}
		{FC8F042E-FA4A-4CD6-8384-774568167C3C} = {6045F0D6-C92D-4201-BADF-60BEA41B8CDB}
		{CE0F4C49-3AD6-4E71-99D4-9CB978B80044} = {5B6788EA-5D80-4C15-8025-4D5879864545}
		{4BFAFC22-11EC-4F0A-BF2F-51B51B53DB61} = {6045F0D6-C92D-4201-BADF-60BEA41B8CDB}
		{6045F0D6-C92D-4201-BADF-60BEA41B8CDB} = {5B6788EA-5D80-4C15-8025-4D5879864545}
		{C5D541F4-3189-4E3B-AC1B-5ED21AB8E383} = {6ACFD894-5EFA-447A-A7EC-BAF98AA1A101}
		{E60A20AF-8626-4E59-AFED-54671CC3317C} = {6ACFD894-5EFA-447A-A7EC-BAF98AA1A101}
		{1CAB1D49-5E18-4FA1-BC9A-BBC4F91989F3} = {6ACFD894-5EFA-447A-A7EC-BAF98AA1A101}
	EndGlobalSection
EndGlobal
